lock 2
record propulsion.thrusters.CreativeThrusterState propulsion.thrusters.CreativeThrusterState{gameTick:I64,throttle:F64,effectiveThrottle:F64,thrustPercent:I32,configuredThrustKn:F64,currentThrustKn:F64,startupProgress:F64,active:BOOL,startingUp:BOOL,fadingOut:BOOL,width:I32,unobstructedBlocks:I32}
record propulsion.thrusters.CreativeVectorThrusterState propulsion.thrusters.CreativeVectorThrusterState{gameTick:I64,throttle:F64,effectiveThrottle:F64,thrustKn:F64,maxThrustKn:F64,customThrust:BOOL,currentThrustKn:F64,targetVectorX:F64,targetVectorY:F64,currentVectorX:F64,currentVectorY:F64,startupProgress:F64,active:BOOL}
operation propulsion propulsion 1 0 active propulsion.thrusters.ThrusterBindings.acquire fun(String):Int
operation propulsion propulsion 1 1 active propulsion.thrusters.ThrusterBindings.close fun(Int):Unit
operation propulsion propulsion 1 2 active propulsion.thrusters.ThrusterBindings.setThrottle fun(Int,Double):Unit
operation propulsion propulsion 1 3 active propulsion.thrusters.ThrusterBindings.setThrustPercent fun(Int,Int):Unit
operation propulsion propulsion 1 4 active propulsion.thrusters.ThrusterBindings.state fun(Int):CreativeThrusterState
operation propulsion propulsion 1 5 active propulsion.thrusters.VectorThrusterBindings.vectorAcquire fun(String):Int
operation propulsion propulsion 1 6 active propulsion.thrusters.VectorThrusterBindings.vectorClearThrustOverride fun(Int):Unit
operation propulsion propulsion 1 7 active propulsion.thrusters.VectorThrusterBindings.vectorClose fun(Int):Unit
operation propulsion propulsion 1 8 active propulsion.thrusters.VectorThrusterBindings.vectorSetThrottle fun(Int,Double):Unit
operation propulsion propulsion 1 9 active propulsion.thrusters.VectorThrusterBindings.vectorSetThrustKn fun(Int,Double):Unit
operation propulsion propulsion 1 10 active propulsion.thrusters.VectorThrusterBindings.vectorSetVector fun(Int,Double,Double):Unit
operation propulsion propulsion 1 11 active propulsion.thrusters.VectorThrusterBindings.vectorState fun(Int):CreativeVectorThrusterState
