# This file is automatically @generated by Cargo.
# It is not intended for manual editing.
version = 4

[[package]]
name = "k16-abi"
version = "0.1.0"

[[package]]
name = "k16-bios"
version = "0.1.0"
dependencies = [
 "k16-abi",
 "k16-boot-chain",
 "k16-rt",
]

[[package]]
name = "k16-boot"
version = "0.1.0"
dependencies = [
 "k16-abi",
 "k16-boot-chain",
 "k16-rt",
]

[[package]]
name = "k16-boot-chain"
version = "0.1.0"
dependencies = [
 "k16-abi",
 "k16-image",
 "k16-storage",
]

[[package]]
name = "k16-image"
version = "0.1.0"

[[package]]
name = "k16-init"
version = "0.1.0"
dependencies = [
 "k16-rt",
 "kraft-std",
]

[[package]]
name = "k16-kernel"
version = "0.1.0"
dependencies = [
 "k16-abi",
 "k16-boot-chain",
 "k16-rt",
]

[[package]]
name = "k16-rt"
version = "0.1.0"
dependencies = [
 "k16-abi",
]

[[package]]
name = "k16-storage"
version = "0.1.0"
dependencies = [
 "k16-abi",
]

[[package]]
name = "kraft-std"
version = "0.1.0"
dependencies = [
 "k16-abi",
 "k16-rt",
]
