# This file is automatically @generated by Cargo.
# It is not intended for manual editing.
version = 4

[[package]]
name = "k16-abi"
version = "0.1.0"

[[package]]
name = "k16-kernel"
version = "0.1.0"
dependencies = [
 "k16-abi",
 "k16-rt",
]

[[package]]
name = "k16-memory"
version = "0.1.0"

[[package]]
name = "k16-rt"
version = "0.1.0"
dependencies = [
 "k16-abi",
 "k16-memory",
]
